// !$*UTF8*$!
{
	archiveVersion = 1;
	classes = {
	};
	objectVersion = 56;
	objects = {

/* Begin PBXBuildFile section */
		B8266CA32C7D15B6002311E3 /* AccountView.swift in Sources */ = {isa = PBXBuildFile; fileRef = B8266CA22C7D15B6002311E3 /* AccountView.swift */; };
		B8266CA52C7D1CF2002311E3 /* LinkToTherapistView.swift in Sources */ = {isa = PBXBuildFile; fileRef = B8266CA42C7D1CF2002311E3 /* LinkToTherapistView.swift */; };
		B87B80A42C4DB3B400F494B3 /* PeakSpeakApp.swift in Sources */ = {isa = PBXBuildFile; fileRef = B87B80A32C4DB3B400F494B3 /* PeakSpeakApp.swift */; };
		B87B80A62C4DB3B400F494B3 /* ContentView.swift in Sources */ = {isa = PBXBuildFile; fileRef = B87B80A52C4DB3B400F494B3 /* ContentView.swift */; };
		B87B80A82C4DB3B500F494B3 /* Assets.xcassets in Resources */ = {isa = PBXBuildFile; fileRef = B87B80A72C4DB3B500F494B3 /* Assets.xcassets */; };
		B87B80AC2C4DB3B500F494B3 /* Preview Assets.xcassets in Resources */ = {isa = PBXBuildFile; fileRef = B87B80AB2C4DB3B500F494B3 /* Preview Assets.xcassets */; };
		B87B80B62C4DB3B500F494B3 /* PeakSpeakTests.swift in Sources */ = {isa = PBXBuildFile; fileRef = B87B80B52C4DB3B500F494B3 /* PeakSpeakTests.swift */; };
		B87B80C02C4DB3B500F494B3 /* PeakSpeakUITests.swift in Sources */ = {isa = PBXBuildFile; fileRef = B87B80BF2C4DB3B500F494B3 /* PeakSpeakUITests.swift */; };
		B87B80C22C4DB3B500F494B3 /* PeakSpeakUITestsLaunchTests.swift in Sources */ = {isa = PBXBuildFile; fileRef = B87B80C12C4DB3B500F494B3 /* PeakSpeakUITestsLaunchTests.swift */; };
		B87B80D02C4DB40E00F494B3 /* UserModel.swift in Sources */ = {isa = PBXBuildFile; fileRef = B87B80CF2C4DB40E00F494B3 /* UserModel.swift */; };
		B87B80D22C4DB42200F494B3 /* PatientExerciseModel.swift in Sources */ = {isa = PBXBuildFile; fileRef = B87B80D12C4DB42200F494B3 /* PatientExerciseModel.swift */; };
		B87B80D42C4DB43100F494B3 /* ExerciseModel.swift in Sources */ = {isa = PBXBuildFile; fileRef = B87B80D32C4DB43100F494B3 /* ExerciseModel.swift */; };
		B87B80D62C4DB44400F494B3 /* ResponseModel.swift in Sources */ = {isa = PBXBuildFile; fileRef = B87B80D52C4DB44400F494B3 /* ResponseModel.swift */; };
		B87B80DC2C4DB6E400F494B3 /* AuthManager.swift in Sources */ = {isa = PBXBuildFile; fileRef = B87B80DB2C4DB6E400F494B3 /* AuthManager.swift */; };
		B87B80E42C4DB7AF00F494B3 /* LoginView.swift in Sources */ = {isa = PBXBuildFile; fileRef = B87B80E32C4DB7AF00F494B3 /* LoginView.swift */; };
		B87B80E62C4DB7D400F494B3 /* MainTabView.swift in Sources */ = {isa = PBXBuildFile; fileRef = B87B80E52C4DB7D400F494B3 /* MainTabView.swift */; };
		B87B80EA2C4DBDFB00F494B3 /* NetworkManager.swift in Sources */ = {isa = PBXBuildFile; fileRef = B87B80E92C4DBDFB00F494B3 /* NetworkManager.swift */; };
		B87B80EC2C4DBEA100F494B3 /* SignupView.swift in Sources */ = {isa = PBXBuildFile; fileRef = B87B80EB2C4DBEA100F494B3 /* SignupView.swift */; };
		B87B80EE2C4E060100F494B3 /* SplashScreenView.swift in Sources */ = {isa = PBXBuildFile; fileRef = B87B80ED2C4E060100F494B3 /* SplashScreenView.swift */; };
		B87B80F02C4E06DE00F494B3 /* LandingView.swift in Sources */ = {isa = PBXBuildFile; fileRef = B87B80EF2C4E06DE00F494B3 /* LandingView.swift */; };
		B87B80F22C4E075000F494B3 /* ProfileView.swift in Sources */ = {isa = PBXBuildFile; fileRef = B87B80F12C4E075000F494B3 /* ProfileView.swift */; };
		B87B80F52C4E07FC00F494B3 /* CustomTextField.swift in Sources */ = {isa = PBXBuildFile; fileRef = B87B80F42C4E07FC00F494B3 /* CustomTextField.swift */; };
		B87B80F72C4E085000F494B3 /* BackButton.swift in Sources */ = {isa = PBXBuildFile; fileRef = B87B80F62C4E085000F494B3 /* BackButton.swift */; };
		B87B80FA2C4E08FA00F494B3 /* ViewExtensions.swift in Sources */ = {isa = PBXBuildFile; fileRef = B87B80F92C4E08FA00F494B3 /* ViewExtensions.swift */; };
		B87B80FC2C4F581500F494B3 /* KeychainManager.swift in Sources */ = {isa = PBXBuildFile; fileRef = B87B80FB2C4F581500F494B3 /* KeychainManager.swift */; };
		B87B81002C5021AD00F494B3 /* JWTDecoder.swift in Sources */ = {isa = PBXBuildFile; fileRef = B87B80FF2C5021AD00F494B3 /* JWTDecoder.swift */; };
		B87B81022C507F1900F494B3 /* ExerciseManager.swift in Sources */ = {isa = PBXBuildFile; fileRef = B87B81012C507F1900F494B3 /* ExerciseManager.swift */; };
		B87B81042C507FF300F494B3 /* ExerciseView.swift in Sources */ = {isa = PBXBuildFile; fileRef = B87B81032C507FF300F494B3 /* ExerciseView.swift */; };
		B87B81072C50817B00F494B3 /* ExerciseViewModel.swift in Sources */ = {isa = PBXBuildFile; fileRef = B87B81062C50817B00F494B3 /* ExerciseViewModel.swift */; };
		B87B81092C51C5B100F494B3 /* CreateExerciseView.swift in Sources */ = {isa = PBXBuildFile; fileRef = B87B81082C51C5B100F494B3 /* CreateExerciseView.swift */; };
		B87B810B2C5204A200F494B3 /* FlowLayout.swift in Sources */ = {isa = PBXBuildFile; fileRef = B87B810A2C5204A200F494B3 /* FlowLayout.swift */; };
		B87B810D2C520A0100F494B3 /* TagView.swift in Sources */ = {isa = PBXBuildFile; fileRef = B87B810C2C520A0100F494B3 /* TagView.swift */; };
		B87B810F2C52CEBB00F494B3 /* ExerciseCard.swift in Sources */ = {isa = PBXBuildFile; fileRef = B87B810E2C52CEBB00F494B3 /* ExerciseCard.swift */; };
		B87B81112C52ED4800F494B3 /* TherapistView.swift in Sources */ = {isa = PBXBuildFile; fileRef = B87B81102C52ED4800F494B3 /* TherapistView.swift */; };
		B87B81132C52EDF800F494B3 /* TherapistViewModel.swift in Sources */ = {isa = PBXBuildFile; fileRef = B87B81122C52EDF800F494B3 /* TherapistViewModel.swift */; };
		B87B81152C52F30900F494B3 /* TherapistManager.swift in Sources */ = {isa = PBXBuildFile; fileRef = B87B81142C52F30900F494B3 /* TherapistManager.swift */; };
		B87B81172C52F81700F494B3 /* PatientCard.swift in Sources */ = {isa = PBXBuildFile; fileRef = B87B81162C52F81700F494B3 /* PatientCard.swift */; };
		B87B81192C558E1500F494B3 /* ExerciseDetailView.swift in Sources */ = {isa = PBXBuildFile; fileRef = B87B81182C558E1500F494B3 /* ExerciseDetailView.swift */; };
		B87B811B2C55905000F494B3 /* PatientDetailView.swift in Sources */ = {isa = PBXBuildFile; fileRef = B87B811A2C55905000F494B3 /* PatientDetailView.swift */; };
		B87B811D2C55A5E900F494B3 /* AddExerciseView.swift in Sources */ = {isa = PBXBuildFile; fileRef = B87B811C2C55A5E900F494B3 /* AddExerciseView.swift */; };
		B87B811F2C56B9C100F494B3 /* Checkbox.swift in Sources */ = {isa = PBXBuildFile; fileRef = B87B811E2C56B9C100F494B3 /* Checkbox.swift */; };
		B87B81212C56BA4000F494B3 /* AddExerciseCard.swift in Sources */ = {isa = PBXBuildFile; fileRef = B87B81202C56BA4000F494B3 /* AddExerciseCard.swift */; };
		B87B81232C58541C00F494B3 /* PatientExerciseCard.swift in Sources */ = {isa = PBXBuildFile; fileRef = B87B81222C58541C00F494B3 /* PatientExerciseCard.swift */; };
		B87B81252C58AF7400F494B3 /* PatientExerciseDetailView.swift in Sources */ = {isa = PBXBuildFile; fileRef = B87B81242C58AF7400F494B3 /* PatientExerciseDetailView.swift */; };
		B87B81272C58B3A000F494B3 /* PatientView.swift in Sources */ = {isa = PBXBuildFile; fileRef = B87B81262C58B3A000F494B3 /* PatientView.swift */; };
		B87B81292C58BB9D00F494B3 /* FrameManager.swift in Sources */ = {isa = PBXBuildFile; fileRef = B87B81282C58BB9D00F494B3 /* FrameManager.swift */; };
		B87B812B2C58BBBD00F494B3 /* CameraManager.swift in Sources */ = {isa = PBXBuildFile; fileRef = B87B812A2C58BBBD00F494B3 /* CameraManager.swift */; };
		B87B812D2C58BBFB00F494B3 /* CGImageExtension.swift in Sources */ = {isa = PBXBuildFile; fileRef = B87B812C2C58BBFB00F494B3 /* CGImageExtension.swift */; };
		B87B812F2C58BC2100F494B3 /* CameraView.swift in Sources */ = {isa = PBXBuildFile; fileRef = B87B812E2C58BC2100F494B3 /* CameraView.swift */; };
		B87B81312C58BC4600F494B3 /* ExerciseRecordingView.swift in Sources */ = {isa = PBXBuildFile; fileRef = B87B81302C58BC4500F494B3 /* ExerciseRecordingView.swift */; };
		B87B81342C59EE4600F494B3 /* ImagePicker.swift in Sources */ = {isa = PBXBuildFile; fileRef = B87B81332C59EE4600F494B3 /* ImagePicker.swift */; };
		B87B81362C59FC2000F494B3 /* DataExtension.swift in Sources */ = {isa = PBXBuildFile; fileRef = B87B81352C59FC2000F494B3 /* DataExtension.swift */; };
		B87B81382C5A9D1C00F494B3 /* CustomTopBar.swift in Sources */ = {isa = PBXBuildFile; fileRef = B87B81372C5A9D1C00F494B3 /* CustomTopBar.swift */; };
		B87B813D2C5AA73F00F494B3 /* SignupStep2View.swift in Sources */ = {isa = PBXBuildFile; fileRef = B87B813C2C5AA73F00F494B3 /* SignupStep2View.swift */; };
		B87B813F2C5AA7F700F494B3 /* SignupStep3View.swift in Sources */ = {isa = PBXBuildFile; fileRef = B87B813E2C5AA7F700F494B3 /* SignupStep3View.swift */; };
		B87B81412C62CB3B00F494B3 /* EncryptionHelpers.swift in Sources */ = {isa = PBXBuildFile; fileRef = B87B81402C62CB3B00F494B3 /* EncryptionHelpers.swift */; };
		B87B81432C65685700F494B3 /* AWSS3Uploader.swift in Sources */ = {isa = PBXBuildFile; fileRef = B87B81422C65685700F494B3 /* AWSS3Uploader.swift */; };
/* End PBXBuildFile section */

/* Begin PBXContainerItemProxy section */
		B87B80B22C4DB3B500F494B3 /* PBXContainerItemProxy */ = {
			isa = PBXContainerItemProxy;
			containerPortal = B87B80982C4DB3B400F494B3 /* Project object */;
			proxyType = 1;
			remoteGlobalIDString = B87B809F2C4DB3B400F494B3;
			remoteInfo = PeakSpeak;
		};
		B87B80BC2C4DB3B500F494B3 /* PBXContainerItemProxy */ = {
			isa = PBXContainerItemProxy;
			containerPortal = B87B80982C4DB3B400F494B3 /* Project object */;
			proxyType = 1;
			remoteGlobalIDString = B87B809F2C4DB3B400F494B3;
			remoteInfo = PeakSpeak;
		};
/* End PBXContainerItemProxy section */

/* Begin PBXFileReference section */
		B8266CA22C7D15B6002311E3 /* AccountView.swift */ = {isa = PBXFileReference; lastKnownFileType = sourcecode.swift; path = AccountView.swift; sourceTree = "<group>"; };
		B8266CA42C7D1CF2002311E3 /* LinkToTherapistView.swift */ = {isa = PBXFileReference; lastKnownFileType = sourcecode.swift; path = LinkToTherapistView.swift; sourceTree = "<group>"; };
		B87B80A02C4DB3B400F494B3 /* PeakSpeak.app */ = {isa = PBXFileReference; explicitFileType = wrapper.application; includeInIndex = 0; path = PeakSpeak.app; sourceTree = BUILT_PRODUCTS_DIR; };
		B87B80A32C4DB3B400F494B3 /* PeakSpeakApp.swift */ = {isa = PBXFileReference; lastKnownFileType = sourcecode.swift; path = PeakSpeakApp.swift; sourceTree = "<group>"; };
		B87B80A52C4DB3B400F494B3 /* ContentView.swift */ = {isa = PBXFileReference; lastKnownFileType = sourcecode.swift; path = ContentView.swift; sourceTree = "<group>"; };
		B87B80A72C4DB3B500F494B3 /* Assets.xcassets */ = {isa = PBXFileReference; lastKnownFileType = folder.assetcatalog; path = Assets.xcassets; sourceTree = "<group>"; };
		B87B80A92C4DB3B500F494B3 /* PeakSpeak.entitlements */ = {isa = PBXFileReference; lastKnownFileType = text.plist.entitlements; path = PeakSpeak.entitlements; sourceTree = "<group>"; };
		B87B80AB2C4DB3B500F494B3 /* Preview Assets.xcassets */ = {isa = PBXFileReference; lastKnownFileType = folder.assetcatalog; path = "Preview Assets.xcassets"; sourceTree = "<group>"; };
		B87B80B12C4DB3B500F494B3 /* PeakSpeakTests.xctest */ = {isa = PBXFileReference; explicitFileType = wrapper.cfbundle; includeInIndex = 0; path = PeakSpeakTests.xctest; sourceTree = BUILT_PRODUCTS_DIR; };
		B87B80B52C4DB3B500F494B3 /* PeakSpeakTests.swift */ = {isa = PBXFileReference; lastKnownFileType = sourcecode.swift; path = PeakSpeakTests.swift; sourceTree = "<group>"; };
		B87B80BB2C4DB3B500F494B3 /* PeakSpeakUITests.xctest */ = {isa = PBXFileReference; explicitFileType = wrapper.cfbundle; includeInIndex = 0; path = PeakSpeakUITests.xctest; sourceTree = BUILT_PRODUCTS_DIR; };
		B87B80BF2C4DB3B500F494B3 /* PeakSpeakUITests.swift */ = {isa = PBXFileReference; lastKnownFileType = sourcecode.swift; path = PeakSpeakUITests.swift; sourceTree = "<group>"; };
		B87B80C12C4DB3B500F494B3 /* PeakSpeakUITestsLaunchTests.swift */ = {isa = PBXFileReference; lastKnownFileType = sourcecode.swift; path = PeakSpeakUITestsLaunchTests.swift; sourceTree = "<group>"; };
		B87B80CF2C4DB40E00F494B3 /* UserModel.swift */ = {isa = PBXFileReference; lastKnownFileType = sourcecode.swift; path = UserModel.swift; sourceTree = "<group>"; };
		B87B80D12C4DB42200F494B3 /* PatientExerciseModel.swift */ = {isa = PBXFileReference; lastKnownFileType = sourcecode.swift; path = PatientExerciseModel.swift; sourceTree = "<group>"; };
		B87B80D32C4DB43100F494B3 /* ExerciseModel.swift */ = {isa = PBXFileReference; lastKnownFileType = sourcecode.swift; path = ExerciseModel.swift; sourceTree = "<group>"; };
		B87B80D52C4DB44400F494B3 /* ResponseModel.swift */ = {isa = PBXFileReference; lastKnownFileType = sourcecode.swift; path = ResponseModel.swift; sourceTree = "<group>"; };
		B87B80DB2C4DB6E400F494B3 /* AuthManager.swift */ = {isa = PBXFileReference; lastKnownFileType = sourcecode.swift; path = AuthManager.swift; sourceTree = "<group>"; };
		B87B80E32C4DB7AF00F494B3 /* LoginView.swift */ = {isa = PBXFileReference; lastKnownFileType = sourcecode.swift; path = LoginView.swift; sourceTree = "<group>"; };
		B87B80E52C4DB7D400F494B3 /* MainTabView.swift */ = {isa = PBXFileReference; lastKnownFileType = sourcecode.swift; path = MainTabView.swift; sourceTree = "<group>"; };
		B87B80E92C4DBDFB00F494B3 /* NetworkManager.swift */ = {isa = PBXFileReference; lastKnownFileType = sourcecode.swift; path = NetworkManager.swift; sourceTree = "<group>"; };
		B87B80EB2C4DBEA100F494B3 /* SignupView.swift */ = {isa = PBXFileReference; lastKnownFileType = sourcecode.swift; path = SignupView.swift; sourceTree = "<group>"; };
		B87B80ED2C4E060100F494B3 /* SplashScreenView.swift */ = {isa = PBXFileReference; lastKnownFileType = sourcecode.swift; path = SplashScreenView.swift; sourceTree = "<group>"; };
		B87B80EF2C4E06DE00F494B3 /* LandingView.swift */ = {isa = PBXFileReference; lastKnownFileType = sourcecode.swift; path = LandingView.swift; sourceTree = "<group>"; };
		B87B80F12C4E075000F494B3 /* ProfileView.swift */ = {isa = PBXFileReference; lastKnownFileType = sourcecode.swift; path = ProfileView.swift; sourceTree = "<group>"; };
		B87B80F42C4E07FC00F494B3 /* CustomTextField.swift */ = {isa = PBXFileReference; lastKnownFileType = sourcecode.swift; path = CustomTextField.swift; sourceTree = "<group>"; };
		B87B80F62C4E085000F494B3 /* BackButton.swift */ = {isa = PBXFileReference; lastKnownFileType = sourcecode.swift; path = BackButton.swift; sourceTree = "<group>"; };
		B87B80F92C4E08FA00F494B3 /* ViewExtensions.swift */ = {isa = PBXFileReference; lastKnownFileType = sourcecode.swift; path = ViewExtensions.swift; sourceTree = "<group>"; };
		B87B80FB2C4F581500F494B3 /* KeychainManager.swift */ = {isa = PBXFileReference; lastKnownFileType = sourcecode.swift; path = KeychainManager.swift; sourceTree = "<group>"; };
		B87B80FF2C5021AD00F494B3 /* JWTDecoder.swift */ = {isa = PBXFileReference; lastKnownFileType = sourcecode.swift; path = JWTDecoder.swift; sourceTree = "<group>"; };
		B87B81012C507F1900F494B3 /* ExerciseManager.swift */ = {isa = PBXFileReference; lastKnownFileType = sourcecode.swift; path = ExerciseManager.swift; sourceTree = "<group>"; };
		B87B81032C507FF300F494B3 /* ExerciseView.swift */ = {isa = PBXFileReference; lastKnownFileType = sourcecode.swift; path = ExerciseView.swift; sourceTree = "<group>"; };
		B87B81062C50817B00F494B3 /* ExerciseViewModel.swift */ = {isa = PBXFileReference; lastKnownFileType = sourcecode.swift; path = ExerciseViewModel.swift; sourceTree = "<group>"; };
		B87B81082C51C5B100F494B3 /* CreateExerciseView.swift */ = {isa = PBXFileReference; lastKnownFileType = sourcecode.swift; path = CreateExerciseView.swift; sourceTree = "<group>"; };
		B87B810A2C5204A200F494B3 /* FlowLayout.swift */ = {isa = PBXFileReference; lastKnownFileType = sourcecode.swift; path = FlowLayout.swift; sourceTree = "<group>"; };
		B87B810C2C520A0100F494B3 /* TagView.swift */ = {isa = PBXFileReference; lastKnownFileType = sourcecode.swift; path = TagView.swift; sourceTree = "<group>"; };
		B87B810E2C52CEBB00F494B3 /* ExerciseCard.swift */ = {isa = PBXFileReference; lastKnownFileType = sourcecode.swift; path = ExerciseCard.swift; sourceTree = "<group>"; };
		B87B81102C52ED4800F494B3 /* TherapistView.swift */ = {isa = PBXFileReference; lastKnownFileType = sourcecode.swift; path = TherapistView.swift; sourceTree = "<group>"; };
		B87B81122C52EDF800F494B3 /* TherapistViewModel.swift */ = {isa = PBXFileReference; lastKnownFileType = sourcecode.swift; path = TherapistViewModel.swift; sourceTree = "<group>"; };
		B87B81142C52F30900F494B3 /* TherapistManager.swift */ = {isa = PBXFileReference; lastKnownFileType = sourcecode.swift; path = TherapistManager.swift; sourceTree = "<group>"; };
		B87B81162C52F81700F494B3 /* PatientCard.swift */ = {isa = PBXFileReference; lastKnownFileType = sourcecode.swift; path = PatientCard.swift; sourceTree = "<group>"; };
		B87B81182C558E1500F494B3 /* ExerciseDetailView.swift */ = {isa = PBXFileReference; lastKnownFileType = sourcecode.swift; path = ExerciseDetailView.swift; sourceTree = "<group>"; };
		B87B811A2C55905000F494B3 /* PatientDetailView.swift */ = {isa = PBXFileReference; lastKnownFileType = sourcecode.swift; path = PatientDetailView.swift; sourceTree = "<group>"; };
		B87B811C2C55A5E900F494B3 /* AddExerciseView.swift */ = {isa = PBXFileReference; lastKnownFileType = sourcecode.swift; path = AddExerciseView.swift; sourceTree = "<group>"; };
		B87B811E2C56B9C100F494B3 /* Checkbox.swift */ = {isa = PBXFileReference; lastKnownFileType = sourcecode.swift; path = Checkbox.swift; sourceTree = "<group>"; };
		B87B81202C56BA4000F494B3 /* AddExerciseCard.swift */ = {isa = PBXFileReference; lastKnownFileType = sourcecode.swift; path = AddExerciseCard.swift; sourceTree = "<group>"; };
		B87B81222C58541C00F494B3 /* PatientExerciseCard.swift */ = {isa = PBXFileReference; lastKnownFileType = sourcecode.swift; path = PatientExerciseCard.swift; sourceTree = "<group>"; };
		B87B81242C58AF7400F494B3 /* PatientExerciseDetailView.swift */ = {isa = PBXFileReference; lastKnownFileType = sourcecode.swift; path = PatientExerciseDetailView.swift; sourceTree = "<group>"; };
		B87B81262C58B3A000F494B3 /* PatientView.swift */ = {isa = PBXFileReference; lastKnownFileType = sourcecode.swift; path = PatientView.swift; sourceTree = "<group>"; };
		B87B81282C58BB9D00F494B3 /* FrameManager.swift */ = {isa = PBXFileReference; lastKnownFileType = sourcecode.swift; path = FrameManager.swift; sourceTree = "<group>"; };
		B87B812A2C58BBBD00F494B3 /* CameraManager.swift */ = {isa = PBXFileReference; lastKnownFileType = sourcecode.swift; path = CameraManager.swift; sourceTree = "<group>"; };
		B87B812C2C58BBFB00F494B3 /* CGImageExtension.swift */ = {isa = PBXFileReference; lastKnownFileType = sourcecode.swift; path = CGImageExtension.swift; sourceTree = "<group>"; };
		B87B812E2C58BC2100F494B3 /* CameraView.swift */ = {isa = PBXFileReference; lastKnownFileType = sourcecode.swift; path = CameraView.swift; sourceTree = "<group>"; };
		B87B81302C58BC4500F494B3 /* ExerciseRecordingView.swift */ = {isa = PBXFileReference; lastKnownFileType = sourcecode.swift; path = ExerciseRecordingView.swift; sourceTree = "<group>"; };
		B87B81322C58C04C00F494B3 /* Info.plist */ = {isa = PBXFileReference; lastKnownFileType = text.plist; path = Info.plist; sourceTree = "<group>"; };
		B87B81332C59EE4600F494B3 /* ImagePicker.swift */ = {isa = PBXFileReference; lastKnownFileType = sourcecode.swift; path = ImagePicker.swift; sourceTree = "<group>"; };
		B87B81352C59FC2000F494B3 /* DataExtension.swift */ = {isa = PBXFileReference; lastKnownFileType = sourcecode.swift; path = DataExtension.swift; sourceTree = "<group>"; };
		B87B81372C5A9D1C00F494B3 /* CustomTopBar.swift */ = {isa = PBXFileReference; lastKnownFileType = sourcecode.swift; path = CustomTopBar.swift; sourceTree = "<group>"; };
		B87B813C2C5AA73F00F494B3 /* SignupStep2View.swift */ = {isa = PBXFileReference; lastKnownFileType = sourcecode.swift; path = SignupStep2View.swift; sourceTree = "<group>"; };
		B87B813E2C5AA7F700F494B3 /* SignupStep3View.swift */ = {isa = PBXFileReference; lastKnownFileType = sourcecode.swift; path = SignupStep3View.swift; sourceTree = "<group>"; };
		B87B81402C62CB3B00F494B3 /* EncryptionHelpers.swift */ = {isa = PBXFileReference; lastKnownFileType = sourcecode.swift; path = EncryptionHelpers.swift; sourceTree = "<group>"; };
		B87B81422C65685700F494B3 /* AWSS3Uploader.swift */ = {isa = PBXFileReference; lastKnownFileType = sourcecode.swift; path = AWSS3Uploader.swift; sourceTree = "<group>"; };
/* End PBXFileReference section */

/* Begin PBXFrameworksBuildPhase section */
		B87B809D2C4DB3B400F494B3 /* Frameworks */ = {
			isa = PBXFrameworksBuildPhase;
			buildActionMask = 2147483647;
			files = (
			);
			runOnlyForDeploymentPostprocessing = 0;
		};
		B87B80AE2C4DB3B500F494B3 /* Frameworks */ = {
			isa = PBXFrameworksBuildPhase;
			buildActionMask = 2147483647;
			files = (
			);
			runOnlyForDeploymentPostprocessing = 0;
		};
		B87B80B82C4DB3B500F494B3 /* Frameworks */ = {
			isa = PBXFrameworksBuildPhase;
			buildActionMask = 2147483647;
			files = (
			);
			runOnlyForDeploymentPostprocessing = 0;
		};
/* End PBXFrameworksBuildPhase section */

/* Begin PBXGroup section */
		B8266C9F2C7D135D002311E3 /* Exercises */ = {
			isa = PBXGroup;
			children = (
				B87B81032C507FF300F494B3 /* ExerciseView.swift */,
				B87B81182C558E1500F494B3 /* ExerciseDetailView.swift */,
				B87B811C2C55A5E900F494B3 /* AddExerciseView.swift */,
				B87B81082C51C5B100F494B3 /* CreateExerciseView.swift */,
				B87B81242C58AF7400F494B3 /* PatientExerciseDetailView.swift */,
				B87B81302C58BC4500F494B3 /* ExerciseRecordingView.swift */,
			);
			path = Exercises;
			sourceTree = "<group>";
		};
		B8266CA12C7D1515002311E3 /* Profile */ = {
			isa = PBXGroup;
			children = (
				B87B80F12C4E075000F494B3 /* ProfileView.swift */,
				B8266CA22C7D15B6002311E3 /* AccountView.swift */,
				B8266CA42C7D1CF2002311E3 /* LinkToTherapistView.swift */,
			);
			path = Profile;
			sourceTree = "<group>";
		};
		B87B80972C4DB3B400F494B3 = {
			isa = PBXGroup;
			children = (
				B87B80A22C4DB3B400F494B3 /* PeakSpeak */,
				B87B80B42C4DB3B500F494B3 /* PeakSpeakTests */,
				B87B80BE2C4DB3B500F494B3 /* PeakSpeakUITests */,
				B87B80A12C4DB3B400F494B3 /* Products */,
			);
			sourceTree = "<group>";
		};
		B87B80A12C4DB3B400F494B3 /* Products */ = {
			isa = PBXGroup;
			children = (
				B87B80A02C4DB3B400F494B3 /* PeakSpeak.app */,
				B87B80B12C4DB3B500F494B3 /* PeakSpeakTests.xctest */,
				B87B80BB2C4DB3B500F494B3 /* PeakSpeakUITests.xctest */,
			);
			name = Products;
			sourceTree = "<group>";
		};
		B87B80A22C4DB3B400F494B3 /* PeakSpeak */ = {
			isa = PBXGroup;
			children = (
				B87B81322C58C04C00F494B3 /* Info.plist */,
				B87B80F82C4E08EE00F494B3 /* Extensions */,
				B87B80F32C4E07E800F494B3 /* Components */,
				B87B80DA2C4DB6DA00F494B3 /* Managers */,
				B87B81052C50816000F494B3 /* ViewModels */,
				B87B80E22C4DB7A200F494B3 /* Views */,
				B87B80DD2C4DB72300F494B3 /* Utils */,
				B87B80CE2C4DB40200F494B3 /* Models */,
				B87B80A32C4DB3B400F494B3 /* PeakSpeakApp.swift */,
				B87B80A52C4DB3B400F494B3 /* ContentView.swift */,
				B87B80A72C4DB3B500F494B3 /* Assets.xcassets */,
				B87B80A92C4DB3B500F494B3 /* PeakSpeak.entitlements */,
				B87B80AA2C4DB3B500F494B3 /* Preview Content */,
			);
			path = PeakSpeak;
			sourceTree = "<group>";
		};
		B87B80AA2C4DB3B500F494B3 /* Preview Content */ = {
			isa = PBXGroup;
			children = (
				B87B80AB2C4DB3B500F494B3 /* Preview Assets.xcassets */,
			);
			path = "Preview Content";
			sourceTree = "<group>";
		};
		B87B80B42C4DB3B500F494B3 /* PeakSpeakTests */ = {
			isa = PBXGroup;
			children = (
				B87B80B52C4DB3B500F494B3 /* PeakSpeakTests.swift */,
			);
			path = PeakSpeakTests;
			sourceTree = "<group>";
		};
		B87B80BE2C4DB3B500F494B3 /* PeakSpeakUITests */ = {
			isa = PBXGroup;
			children = (
				B87B80BF2C4DB3B500F494B3 /* PeakSpeakUITests.swift */,
				B87B80C12C4DB3B500F494B3 /* PeakSpeakUITestsLaunchTests.swift */,
			);
			path = PeakSpeakUITests;
			sourceTree = "<group>";
		};
		B87B80CE2C4DB40200F494B3 /* Models */ = {
			isa = PBXGroup;
			children = (
				B87B80CF2C4DB40E00F494B3 /* UserModel.swift */,
				B87B80D12C4DB42200F494B3 /* PatientExerciseModel.swift */,
				B87B80D32C4DB43100F494B3 /* ExerciseModel.swift */,
				B87B80D52C4DB44400F494B3 /* ResponseModel.swift */,
			);
			path = Models;
			sourceTree = "<group>";
		};
		B87B80DA2C4DB6DA00F494B3 /* Managers */ = {
			isa = PBXGroup;
			children = (
				B87B80DB2C4DB6E400F494B3 /* AuthManager.swift */,
				B87B80E92C4DBDFB00F494B3 /* NetworkManager.swift */,
				B87B80FB2C4F581500F494B3 /* KeychainManager.swift */,
				B87B81012C507F1900F494B3 /* ExerciseManager.swift */,
				B87B81142C52F30900F494B3 /* TherapistManager.swift */,
				B87B81282C58BB9D00F494B3 /* FrameManager.swift */,
				B87B812A2C58BBBD00F494B3 /* CameraManager.swift */,
			);
			path = Managers;
			sourceTree = "<group>";
		};
		B87B80DD2C4DB72300F494B3 /* Utils */ = {
			isa = PBXGroup;
			children = (
				B87B80FF2C5021AD00F494B3 /* JWTDecoder.swift */,
				B87B81402C62CB3B00F494B3 /* EncryptionHelpers.swift */,
				B87B81422C65685700F494B3 /* AWSS3Uploader.swift */,
			);
			path = Utils;
			sourceTree = "<group>";
		};
		B87B80E22C4DB7A200F494B3 /* Views */ = {
			isa = PBXGroup;
			children = (
				B8266CA12C7D1515002311E3 /* Profile */,
				B8266C9F2C7D135D002311E3 /* Exercises */,
				B87B81392C5AA5EA00F494B3 /* Auth */,
				B87B80E52C4DB7D400F494B3 /* MainTabView.swift */,
				B87B80ED2C4E060100F494B3 /* SplashScreenView.swift */,
				B87B80EF2C4E06DE00F494B3 /* LandingView.swift */,
				B87B81102C52ED4800F494B3 /* TherapistView.swift */,
				B87B811A2C55905000F494B3 /* PatientDetailView.swift */,
				B87B81262C58B3A000F494B3 /* PatientView.swift */,
			);
			path = Views;
			sourceTree = "<group>";
		};
		B87B80F32C4E07E800F494B3 /* Components */ = {
			isa = PBXGroup;
			children = (
				B87B80F42C4E07FC00F494B3 /* CustomTextField.swift */,
				B87B80F62C4E085000F494B3 /* BackButton.swift */,
				B87B810A2C5204A200F494B3 /* FlowLayout.swift */,
				B87B810C2C520A0100F494B3 /* TagView.swift */,
				B87B810E2C52CEBB00F494B3 /* ExerciseCard.swift */,
				B87B81162C52F81700F494B3 /* PatientCard.swift */,
				B87B811E2C56B9C100F494B3 /* Checkbox.swift */,
				B87B81202C56BA4000F494B3 /* AddExerciseCard.swift */,
				B87B81222C58541C00F494B3 /* PatientExerciseCard.swift */,
				B87B812E2C58BC2100F494B3 /* CameraView.swift */,
				B87B81332C59EE4600F494B3 /* ImagePicker.swift */,
				B87B81372C5A9D1C00F494B3 /* CustomTopBar.swift */,
			);
			path = Components;
			sourceTree = "<group>";
		};
		B87B80F82C4E08EE00F494B3 /* Extensions */ = {
			isa = PBXGroup;
			children = (
				B87B80F92C4E08FA00F494B3 /* ViewExtensions.swift */,
				B87B812C2C58BBFB00F494B3 /* CGImageExtension.swift */,
				B87B81352C59FC2000F494B3 /* DataExtension.swift */,
			);
			path = Extensions;
			sourceTree = "<group>";
		};
		B87B81052C50816000F494B3 /* ViewModels */ = {
			isa = PBXGroup;
			children = (
				B87B81062C50817B00F494B3 /* ExerciseViewModel.swift */,
				B87B81122C52EDF800F494B3 /* TherapistViewModel.swift */,
			);
			path = ViewModels;
			sourceTree = "<group>";
		};
		B87B81392C5AA5EA00F494B3 /* Auth */ = {
			isa = PBXGroup;
			children = (
				B87B80E32C4DB7AF00F494B3 /* LoginView.swift */,
				B87B80EB2C4DBEA100F494B3 /* SignupView.swift */,
				B87B813C2C5AA73F00F494B3 /* SignupStep2View.swift */,
				B87B813E2C5AA7F700F494B3 /* SignupStep3View.swift */,
			);
			path = Auth;
			sourceTree = "<group>";
		};
/* End PBXGroup section */

/* Begin PBXNativeTarget section */
		B87B809F2C4DB3B400F494B3 /* PeakSpeak */ = {
			isa = PBXNativeTarget;
			buildConfigurationList = B87B80C52C4DB3B500F494B3 /* Build configuration list for PBXNativeTarget "PeakSpeak" */;
			buildPhases = (
				B87B809C2C4DB3B400F494B3 /* Sources */,
				B87B809D2C4DB3B400F494B3 /* Frameworks */,
				B87B809E2C4DB3B400F494B3 /* Resources */,
			);
			buildRules = (
			);
			dependencies = (
			);
			name = PeakSpeak;
			productName = PeakSpeak;
			productReference = B87B80A02C4DB3B400F494B3 /* PeakSpeak.app */;
			productType = "com.apple.product-type.application";
		};
		B87B80B02C4DB3B500F494B3 /* PeakSpeakTests */ = {
			isa = PBXNativeTarget;
			buildConfigurationList = B87B80C82C4DB3B500F494B3 /* Build configuration list for PBXNativeTarget "PeakSpeakTests" */;
			buildPhases = (
				B87B80AD2C4DB3B500F494B3 /* Sources */,
				B87B80AE2C4DB3B500F494B3 /* Frameworks */,
				B87B80AF2C4DB3B500F494B3 /* Resources */,
			);
			buildRules = (
			);
			dependencies = (
				B87B80B32C4DB3B500F494B3 /* PBXTargetDependency */,
			);
			name = PeakSpeakTests;
			productName = PeakSpeakTests;
			productReference = B87B80B12C4DB3B500F494B3 /* PeakSpeakTests.xctest */;
			productType = "com.apple.product-type.bundle.unit-test";
		};
		B87B80BA2C4DB3B500F494B3 /* PeakSpeakUITests */ = {
			isa = PBXNativeTarget;
			buildConfigurationList = B87B80CB2C4DB3B500F494B3 /* Build configuration list for PBXNativeTarget "PeakSpeakUITests" */;
			buildPhases = (
				B87B80B72C4DB3B500F494B3 /* Sources */,
				B87B80B82C4DB3B500F494B3 /* Frameworks */,
				B87B80B92C4DB3B500F494B3 /* Resources */,
			);
			buildRules = (
			);
			dependencies = (
				B87B80BD2C4DB3B500F494B3 /* PBXTargetDependency */,
			);
			name = PeakSpeakUITests;
			productName = PeakSpeakUITests;
			productReference = B87B80BB2C4DB3B500F494B3 /* PeakSpeakUITests.xctest */;
			productType = "com.apple.product-type.bundle.ui-testing";
		};
/* End PBXNativeTarget section */

/* Begin PBXProject section */
		B87B80982C4DB3B400F494B3 /* Project object */ = {
			isa = PBXProject;
			attributes = {
				BuildIndependentTargetsInParallel = 1;
				LastSwiftUpdateCheck = 1540;
				LastUpgradeCheck = 1540;
				TargetAttributes = {
					B87B809F2C4DB3B400F494B3 = {
						CreatedOnToolsVersion = 15.4;
					};
					B87B80B02C4DB3B500F494B3 = {
						CreatedOnToolsVersion = 15.4;
						TestTargetID = B87B809F2C4DB3B400F494B3;
					};
					B87B80BA2C4DB3B500F494B3 = {
						CreatedOnToolsVersion = 15.4;
						TestTargetID = B87B809F2C4DB3B400F494B3;
					};
				};
			};
			buildConfigurationList = B87B809B2C4DB3B400F494B3 /* Build configuration list for PBXProject "PeakSpeak" */;
			compatibilityVersion = "Xcode 14.0";
			developmentRegion = en;
			hasScannedForEncodings = 0;
			knownRegions = (
				en,
				Base,
			);
			mainGroup = B87B80972C4DB3B400F494B3;
			productRefGroup = B87B80A12C4DB3B400F494B3 /* Products */;
			projectDirPath = "";
			projectRoot = "";
			targets = (
				B87B809F2C4DB3B400F494B3 /* PeakSpeak */,
				B87B80B02C4DB3B500F494B3 /* PeakSpeakTests */,
				B87B80BA2C4DB3B500F494B3 /* PeakSpeakUITests */,
			);
		};
/* End PBXProject section */

/* Begin PBXResourcesBuildPhase section */
		B87B809E2C4DB3B400F494B3 /* Resources */ = {
			isa = PBXResourcesBuildPhase;
			buildActionMask = 2147483647;
			files = (
				B87B80AC2C4DB3B500F494B3 /* Preview Assets.xcassets in Resources */,
				B87B80A82C4DB3B500F494B3 /* Assets.xcassets in Resources */,
			);
			runOnlyForDeploymentPostprocessing = 0;
		};
		B87B80AF2C4DB3B500F494B3 /* Resources */ = {
			isa = PBXResourcesBuildPhase;
			buildActionMask = 2147483647;
			files = (
			);
			runOnlyForDeploymentPostprocessing = 0;
		};
		B87B80B92C4DB3B500F494B3 /* Resources */ = {
			isa = PBXResourcesBuildPhase;
			buildActionMask = 2147483647;
			files = (
			);
			runOnlyForDeploymentPostprocessing = 0;
		};
/* End PBXResourcesBuildPhase section */

/* Begin PBXSourcesBuildPhase section */
		B87B809C2C4DB3B400F494B3 /* Sources */ = {
			isa = PBXSourcesBuildPhase;
			buildActionMask = 2147483647;
			files = (
				B87B80EC2C4DBEA100F494B3 /* SignupView.swift in Sources */,
				B87B80E62C4DB7D400F494B3 /* MainTabView.swift in Sources */,
				B87B810B2C5204A200F494B3 /* FlowLayout.swift in Sources */,
				B8266CA32C7D15B6002311E3 /* AccountView.swift in Sources */,
				B87B80A62C4DB3B400F494B3 /* ContentView.swift in Sources */,
				B87B81232C58541C00F494B3 /* PatientExerciseCard.swift in Sources */,
				B87B811F2C56B9C100F494B3 /* Checkbox.swift in Sources */,
				B87B80D02C4DB40E00F494B3 /* UserModel.swift in Sources */,
				B87B80EA2C4DBDFB00F494B3 /* NetworkManager.swift in Sources */,
				B87B813D2C5AA73F00F494B3 /* SignupStep2View.swift in Sources */,
				B87B811D2C55A5E900F494B3 /* AddExerciseView.swift in Sources */,
				B87B80A42C4DB3B400F494B3 /* PeakSpeakApp.swift in Sources */,
				B87B80F02C4E06DE00F494B3 /* LandingView.swift in Sources */,
				B87B811B2C55905000F494B3 /* PatientDetailView.swift in Sources */,
				B87B81412C62CB3B00F494B3 /* EncryptionHelpers.swift in Sources */,
				B87B81342C59EE4600F494B3 /* ImagePicker.swift in Sources */,
				B87B80F52C4E07FC00F494B3 /* CustomTextField.swift in Sources */,
				B87B812B2C58BBBD00F494B3 /* CameraManager.swift in Sources */,
				B87B80F22C4E075000F494B3 /* ProfileView.swift in Sources */,
				B87B80EE2C4E060100F494B3 /* SplashScreenView.swift in Sources */,
				B87B80FA2C4E08FA00F494B3 /* ViewExtensions.swift in Sources */,
				B87B80D22C4DB42200F494B3 /* PatientExerciseModel.swift in Sources */,
				B87B81272C58B3A000F494B3 /* PatientView.swift in Sources */,
				B87B81362C59FC2000F494B3 /* DataExtension.swift in Sources */,
				B87B80D62C4DB44400F494B3 /* ResponseModel.swift in Sources */,
				B87B81002C5021AD00F494B3 /* JWTDecoder.swift in Sources */,
				B87B81112C52ED4800F494B3 /* TherapistView.swift in Sources */,
				B87B81022C507F1900F494B3 /* ExerciseManager.swift in Sources */,
				B87B80F72C4E085000F494B3 /* BackButton.swift in Sources */,
				B87B81172C52F81700F494B3 /* PatientCard.swift in Sources */,
				B87B81312C58BC4600F494B3 /* ExerciseRecordingView.swift in Sources */,
				B87B810F2C52CEBB00F494B3 /* ExerciseCard.swift in Sources */,
				B87B81072C50817B00F494B3 /* ExerciseViewModel.swift in Sources */,
				B87B812F2C58BC2100F494B3 /* CameraView.swift in Sources */,
				B87B810D2C520A0100F494B3 /* TagView.swift in Sources */,
				B87B81152C52F30900F494B3 /* TherapistManager.swift in Sources */,
				B8266CA52C7D1CF2002311E3 /* LinkToTherapistView.swift in Sources */,
				B87B81212C56BA4000F494B3 /* AddExerciseCard.swift in Sources */,
				B87B81092C51C5B100F494B3 /* CreateExerciseView.swift in Sources */,
				B87B81432C65685700F494B3 /* AWSS3Uploader.swift in Sources */,
				B87B81192C558E1500F494B3 /* ExerciseDetailView.swift in Sources */,
				B87B80E42C4DB7AF00F494B3 /* LoginView.swift in Sources */,
				B87B81042C507FF300F494B3 /* ExerciseView.swift in Sources */,
				B87B80D42C4DB43100F494B3 /* ExerciseModel.swift in Sources */,
				B87B81382C5A9D1C00F494B3 /* CustomTopBar.swift in Sources */,
				B87B81292C58BB9D00F494B3 /* FrameManager.swift in Sources */,
				B87B813F2C5AA7F700F494B3 /* SignupStep3View.swift in Sources */,
				B87B812D2C58BBFB00F494B3 /* CGImageExtension.swift in Sources */,
				B87B81132C52EDF800F494B3 /* TherapistViewModel.swift in Sources */,
				B87B80DC2C4DB6E400F494B3 /* AuthManager.swift in Sources */,
				B87B80FC2C4F581500F494B3 /* KeychainManager.swift in Sources */,
				B87B81252C58AF7400F494B3 /* PatientExerciseDetailView.swift in Sources */,
			);
			runOnlyForDeploymentPostprocessing = 0;
		};
		B87B80AD2C4DB3B500F494B3 /* Sources */ = {
			isa = PBXSourcesBuildPhase;
			buildActionMask = 2147483647;
			files = (
				B87B80B62C4DB3B500F494B3 /* PeakSpeakTests.swift in Sources */,
			);
			runOnlyForDeploymentPostprocessing = 0;
		};
		B87B80B72C4DB3B500F494B3 /* Sources */ = {
			isa = PBXSourcesBuildPhase;
			buildActionMask = 2147483647;
			files = (
				B87B80C22C4DB3B500F494B3 /* PeakSpeakUITestsLaunchTests.swift in Sources */,
				B87B80C02C4DB3B500F494B3 /* PeakSpeakUITests.swift in Sources */,
			);
			runOnlyForDeploymentPostprocessing = 0;
		};
/* End PBXSourcesBuildPhase section */

/* Begin PBXTargetDependency section */
		B87B80B32C4DB3B500F494B3 /* PBXTargetDependency */ = {
			isa = PBXTargetDependency;
			target = B87B809F2C4DB3B400F494B3 /* PeakSpeak */;
			targetProxy = B87B80B22C4DB3B500F494B3 /* PBXContainerItemProxy */;
		};
		B87B80BD2C4DB3B500F494B3 /* PBXTargetDependency */ = {
			isa = PBXTargetDependency;
			target = B87B809F2C4DB3B400F494B3 /* PeakSpeak */;
			targetProxy = B87B80BC2C4DB3B500F494B3 /* PBXContainerItemProxy */;
		};
/* End PBXTargetDependency section */

/* Begin XCBuildConfiguration section */
		B87B80C32C4DB3B500F494B3 /* Debug */ = {
			isa = XCBuildConfiguration;
			buildSettings = {
				ALWAYS_SEARCH_USER_PATHS = NO;
				ASSETCATALOG_COMPILER_GENERATE_SWIFT_ASSET_SYMBOL_EXTENSIONS = YES;
				CLANG_ANALYZER_NONNULL = YES;
				CLANG_ANALYZER_NUMBER_OBJECT_CONVERSION = YES_AGGRESSIVE;
				CLANG_CXX_LANGUAGE_STANDARD = "gnu++20";
				CLANG_ENABLE_MODULES = YES;
				CLANG_ENABLE_OBJC_ARC = YES;
				CLANG_ENABLE_OBJC_WEAK = YES;
				CLANG_WARN_BLOCK_CAPTURE_AUTORELEASING = YES;
				CLANG_WARN_BOOL_CONVERSION = YES;
				CLANG_WARN_COMMA = YES;
				CLANG_WARN_CONSTANT_CONVERSION = YES;
				CLANG_WARN_DEPRECATED_OBJC_IMPLEMENTATIONS = YES;
				CLANG_WARN_DIRECT_OBJC_ISA_USAGE = YES_ERROR;
				CLANG_WARN_DOCUMENTATION_COMMENTS = YES;
				CLANG_WARN_EMPTY_BODY = YES;
				CLANG_WARN_ENUM_CONVERSION = YES;
				CLANG_WARN_INFINITE_RECURSION = YES;
				CLANG_WARN_INT_CONVERSION = YES;
				CLANG_WARN_NON_LITERAL_NULL_CONVERSION = YES;
				CLANG_WARN_OBJC_IMPLICIT_RETAIN_SELF = YES;
				CLANG_WARN_OBJC_LITERAL_CONVERSION = YES;
				CLANG_WARN_OBJC_ROOT_CLASS = YES_ERROR;
				CLANG_WARN_QUOTED_INCLUDE_IN_FRAMEWORK_HEADER = YES;
				CLANG_WARN_RANGE_LOOP_ANALYSIS = YES;
				CLANG_WARN_STRICT_PROTOTYPES = YES;
				CLANG_WARN_SUSPICIOUS_MOVE = YES;
				CLANG_WARN_UNGUARDED_AVAILABILITY = YES_AGGRESSIVE;
				CLANG_WARN_UNREACHABLE_CODE = YES;
				CLANG_WARN__DUPLICATE_METHOD_MATCH = YES;
				COPY_PHASE_STRIP = NO;
				DEBUG_INFORMATION_FORMAT = dwarf;
				ENABLE_STRICT_OBJC_MSGSEND = YES;
				ENABLE_TESTABILITY = YES;
				ENABLE_USER_SCRIPT_SANDBOXING = YES;
				GCC_C_LANGUAGE_STANDARD = gnu17;
				GCC_DYNAMIC_NO_PIC = NO;
				GCC_NO_COMMON_BLOCKS = YES;
				GCC_OPTIMIZATION_LEVEL = 0;
				GCC_PREPROCESSOR_DEFINITIONS = (
					"DEBUG=1",
					"$(inherited)",
				);
				GCC_WARN_64_TO_32_BIT_CONVERSION = YES;
				GCC_WARN_ABOUT_RETURN_TYPE = YES_ERROR;
				GCC_WARN_UNDECLARED_SELECTOR = YES;
				GCC_WARN_UNINITIALIZED_AUTOS = YES_AGGRESSIVE;
				GCC_WARN_UNUSED_FUNCTION = YES;
				GCC_WARN_UNUSED_VARIABLE = YES;
				IPHONEOS_DEPLOYMENT_TARGET = 16.0;
				LOCALIZATION_PREFERS_STRING_CATALOGS = YES;
				MTL_ENABLE_DEBUG_INFO = INCLUDE_SOURCE;
				MTL_FAST_MATH = YES;
				ONLY_ACTIVE_ARCH = YES;
				SWIFT_ACTIVE_COMPILATION_CONDITIONS = "DEBUG $(inherited)";
				SWIFT_OPTIMIZATION_LEVEL = "-Onone";
			};
			name = Debug;
		};
		B87B80C42C4DB3B500F494B3 /* Release */ = {
			isa = XCBuildConfiguration;
			buildSettings = {
				ALWAYS_SEARCH_USER_PATHS = NO;
				ASSETCATALOG_COMPILER_GENERATE_SWIFT_ASSET_SYMBOL_EXTENSIONS = YES;
				CLANG_ANALYZER_NONNULL = YES;
				CLANG_ANALYZER_NUMBER_OBJECT_CONVERSION = YES_AGGRESSIVE;
				CLANG_CXX_LANGUAGE_STANDARD = "gnu++20";
				CLANG_ENABLE_MODULES = YES;
				CLANG_ENABLE_OBJC_ARC = YES;
				CLANG_ENABLE_OBJC_WEAK = YES;
				CLANG_WARN_BLOCK_CAPTURE_AUTORELEASING = YES;
				CLANG_WARN_BOOL_CONVERSION = YES;
				CLANG_WARN_COMMA = YES;
				CLANG_WARN_CONSTANT_CONVERSION = YES;
				CLANG_WARN_DEPRECATED_OBJC_IMPLEMENTATIONS = YES;
				CLANG_WARN_DIRECT_OBJC_ISA_USAGE = YES_ERROR;
				CLANG_WARN_DOCUMENTATION_COMMENTS = YES;
				CLANG_WARN_EMPTY_BODY = YES;
				CLANG_WARN_ENUM_CONVERSION = YES;
				CLANG_WARN_INFINITE_RECURSION = YES;
				CLANG_WARN_INT_CONVERSION = YES;
				CLANG_WARN_NON_LITERAL_NULL_CONVERSION = YES;
				CLANG_WARN_OBJC_IMPLICIT_RETAIN_SELF = YES;
				CLANG_WARN_OBJC_LITERAL_CONVERSION = YES;
				CLANG_WARN_OBJC_ROOT_CLASS = YES_ERROR;
				CLANG_WARN_QUOTED_INCLUDE_IN_FRAMEWORK_HEADER = YES;
				CLANG_WARN_RANGE_LOOP_ANALYSIS = YES;
				CLANG_WARN_STRICT_PROTOTYPES = YES;
				CLANG_WARN_SUSPICIOUS_MOVE = YES;
				CLANG_WARN_UNGUARDED_AVAILABILITY = YES_AGGRESSIVE;
				CLANG_WARN_UNREACHABLE_CODE = YES;
				CLANG_WARN__DUPLICATE_METHOD_MATCH = YES;
				COPY_PHASE_STRIP = NO;
				DEBUG_INFORMATION_FORMAT = "dwarf-with-dsym";
				ENABLE_NS_ASSERTIONS = NO;
				ENABLE_STRICT_OBJC_MSGSEND = YES;
				ENABLE_USER_SCRIPT_SANDBOXING = YES;
				GCC_C_LANGUAGE_STANDARD = gnu17;
				GCC_NO_COMMON_BLOCKS = YES;
				GCC_WARN_64_TO_32_BIT_CONVERSION = YES;
				GCC_WARN_ABOUT_RETURN_TYPE = YES_ERROR;
				GCC_WARN_UNDECLARED_SELECTOR = YES;
				GCC_WARN_UNINITIALIZED_AUTOS = YES_AGGRESSIVE;
				GCC_WARN_UNUSED_FUNCTION = YES;
				GCC_WARN_UNUSED_VARIABLE = YES;
				IPHONEOS_DEPLOYMENT_TARGET = 16.0;
				LOCALIZATION_PREFERS_STRING_CATALOGS = YES;
				MTL_ENABLE_DEBUG_INFO = NO;
				MTL_FAST_MATH = YES;
				ONLY_ACTIVE_ARCH = NO;
				SWIFT_COMPILATION_MODE = wholemodule;
			};
			name = Release;
		};
		B87B80C62C4DB3B500F494B3 /* Debug */ = {
			isa = XCBuildConfiguration;
			buildSettings = {
				ASSETCATALOG_COMPILER_APPICON_NAME = AppIcon;
				ASSETCATALOG_COMPILER_GLOBAL_ACCENT_COLOR_NAME = AccentColor;
				CODE_SIGN_ENTITLEMENTS = PeakSpeak/PeakSpeak.entitlements;
				CODE_SIGN_STYLE = Automatic;
				CURRENT_PROJECT_VERSION = 1;
				DEVELOPMENT_ASSET_PATHS = "\"PeakSpeak/Preview Content\"";
				DEVELOPMENT_TEAM = XA5YLYDDJ3;
				ENABLE_HARDENED_RUNTIME = YES;
				ENABLE_PREVIEWS = YES;
				GENERATE_INFOPLIST_FILE = YES;
				INFOPLIST_FILE = PeakSpeak/Info.plist;
				INFOPLIST_KEY_CFBundleDisplayName = PeakSpeak;
				INFOPLIST_KEY_LSApplicationCategoryType = "public.app-category.healthcare-fitness";
				INFOPLIST_KEY_NSCameraUsageDescription = "This app uses the camera to capture videos.";
				INFOPLIST_KEY_NSMicrophoneUsageDescription = "This app uses the microphone to record videos with audio.";
				INFOPLIST_KEY_UIApplicationSceneManifest_Generation = YES;
				"INFOPLIST_KEY_UIApplicationSceneManifest_Generation[sdk=iphoneos*]" = YES;
				"INFOPLIST_KEY_UIApplicationSceneManifest_Generation[sdk=iphonesimulator*]" = YES;
				INFOPLIST_KEY_UIApplicationSupportsIndirectInputEvents = YES;
				"INFOPLIST_KEY_UIApplicationSupportsIndirectInputEvents[sdk=iphoneos*]" = YES;
				"INFOPLIST_KEY_UIApplicationSupportsIndirectInputEvents[sdk=iphonesimulator*]" = YES;
				INFOPLIST_KEY_UILaunchScreen_Generation = YES;
				"INFOPLIST_KEY_UILaunchScreen_Generation[sdk=iphoneos*]" = YES;
				"INFOPLIST_KEY_UILaunchScreen_Generation[sdk=iphonesimulator*]" = YES;
				INFOPLIST_KEY_UIStatusBarStyle = UIStatusBarStyleDefault;
				"INFOPLIST_KEY_UIStatusBarStyle[sdk=iphoneos*]" = UIStatusBarStyleDefault;
				"INFOPLIST_KEY_UIStatusBarStyle[sdk=iphonesimulator*]" = UIStatusBarStyleDefault;
				INFOPLIST_KEY_UISupportedInterfaceOrientations = UIInterfaceOrientationPortrait;
				INFOPLIST_KEY_UISupportedInterfaceOrientations_iPad = "UIInterfaceOrientationPortrait UIInterfaceOrientationPortraitUpsideDown";
				IPHONEOS_DEPLOYMENT_TARGET = 16.0;
				LD_RUNPATH_SEARCH_PATHS = "@executable_path/Frameworks";
				"LD_RUNPATH_SEARCH_PATHS[sdk=macosx*]" = "@executable_path/../Frameworks";
				MACOSX_DEPLOYMENT_TARGET = 14.5;
				MARKETING_VERSION = 1.1;
				PRODUCT_BUNDLE_IDENTIFIER = com.tanishb.PeakSpeak;
				PRODUCT_NAME = "$(TARGET_NAME)";
				SDKROOT = iphoneos;
				SUPPORTED_PLATFORMS = "iphoneos iphonesimulator";
				SUPPORTS_MACCATALYST = NO;
				SUPPORTS_MAC_DESIGNED_FOR_IPHONE_IPAD = NO;
				SUPPORTS_XR_DESIGNED_FOR_IPHONE_IPAD = NO;
				SWIFT_EMIT_LOC_STRINGS = YES;
				SWIFT_VERSION = 5.0;
				TARGETED_DEVICE_FAMILY = 1;
			};
			name = Debug;
		};
		B87B80C72C4DB3B500F494B3 /* Release */ = {
			isa = XCBuildConfiguration;
			buildSettings = {
				ASSETCATALOG_COMPILER_APPICON_NAME = AppIcon;
				ASSETCATALOG_COMPILER_GLOBAL_ACCENT_COLOR_NAME = AccentColor;
				CODE_SIGN_ENTITLEMENTS = PeakSpeak/PeakSpeak.entitlements;
				CODE_SIGN_STYLE = Automatic;
				CURRENT_PROJECT_VERSION = 1;
				DEVELOPMENT_ASSET_PATHS = "\"PeakSpeak/Preview Content\"";
				DEVELOPMENT_TEAM = XA5YLYDDJ3;
				ENABLE_HARDENED_RUNTIME = YES;
				ENABLE_PREVIEWS = YES;
				GENERATE_INFOPLIST_FILE = YES;
				INFOPLIST_FILE = PeakSpeak/Info.plist;
				INFOPLIST_KEY_CFBundleDisplayName = PeakSpeak;
				INFOPLIST_KEY_LSApplicationCategoryType = "public.app-category.healthcare-fitness";
				INFOPLIST_KEY_NSCameraUsageDescription = "This app uses the camera to capture videos.";
				INFOPLIST_KEY_NSMicrophoneUsageDescription = "This app uses the microphone to record videos with audio.";
				INFOPLIST_KEY_UIApplicationSceneManifest_Generation = YES;
				"INFOPLIST_KEY_UIApplicationSceneManifest_Generation[sdk=iphoneos*]" = YES;
				"INFOPLIST_KEY_UIApplicationSceneManifest_Generation[sdk=iphonesimulator*]" = YES;
				INFOPLIST_KEY_UIApplicationSupportsIndirectInputEvents = YES;
				"INFOPLIST_KEY_UIApplicationSupportsIndirectInputEvents[sdk=iphoneos*]" = YES;
				"INFOPLIST_KEY_UIApplicationSupportsIndirectInputEvents[sdk=iphonesimulator*]" = YES;
				INFOPLIST_KEY_UILaunchScreen_Generation = YES;
				"INFOPLIST_KEY_UILaunchScreen_Generation[sdk=iphoneos*]" = YES;
				"INFOPLIST_KEY_UILaunchScreen_Generation[sdk=iphonesimulator*]" = YES;
				INFOPLIST_KEY_UIStatusBarStyle = UIStatusBarStyleDefault;
				"INFOPLIST_KEY_UIStatusBarStyle[sdk=iphoneos*]" = UIStatusBarStyleDefault;
				"INFOPLIST_KEY_UIStatusBarStyle[sdk=iphonesimulator*]" = UIStatusBarStyleDefault;
				INFOPLIST_KEY_UISupportedInterfaceOrientations = UIInterfaceOrientationPortrait;
				INFOPLIST_KEY_UISupportedInterfaceOrientations_iPad = "UIInterfaceOrientationPortrait UIInterfaceOrientationPortraitUpsideDown";
				IPHONEOS_DEPLOYMENT_TARGET = 16.0;
				LD_RUNPATH_SEARCH_PATHS = "@executable_path/Frameworks";
				"LD_RUNPATH_SEARCH_PATHS[sdk=macosx*]" = "@executable_path/../Frameworks";
				MACOSX_DEPLOYMENT_TARGET = 14.5;
				MARKETING_VERSION = 1.1;
				PRODUCT_BUNDLE_IDENTIFIER = com.tanishb.PeakSpeak;
				PRODUCT_NAME = "$(TARGET_NAME)";
				SDKROOT = iphoneos;
				SUPPORTED_PLATFORMS = "iphoneos iphonesimulator";
				SUPPORTS_MACCATALYST = NO;
				SUPPORTS_MAC_DESIGNED_FOR_IPHONE_IPAD = NO;
				SUPPORTS_XR_DESIGNED_FOR_IPHONE_IPAD = NO;
				SWIFT_EMIT_LOC_STRINGS = YES;
				SWIFT_VERSION = 5.0;
				TARGETED_DEVICE_FAMILY = 1;
				VALIDATE_PRODUCT = YES;
			};
			name = Release;
		};
		B87B80C92C4DB3B500F494B3 /* Debug */ = {
			isa = XCBuildConfiguration;
			buildSettings = {
				ALWAYS_EMBED_SWIFT_STANDARD_LIBRARIES = YES;
				BUNDLE_LOADER = "$(TEST_HOST)";
				CODE_SIGN_STYLE = Automatic;
				CURRENT_PROJECT_VERSION = 1;
				DEVELOPMENT_TEAM = XA5YLYDDJ3;
				GENERATE_INFOPLIST_FILE = YES;
				IPHONEOS_DEPLOYMENT_TARGET = 17.0;
				MACOSX_DEPLOYMENT_TARGET = 14.5;
				MARKETING_VERSION = 1.0;
				PRODUCT_BUNDLE_IDENTIFIER = tanishb.PeakSpeakTests;
				PRODUCT_NAME = "$(TARGET_NAME)";
				SDKROOT = auto;
				SUPPORTED_PLATFORMS = "iphoneos iphonesimulator macosx";
				SWIFT_EMIT_LOC_STRINGS = NO;
				SWIFT_VERSION = 5.0;
				TARGETED_DEVICE_FAMILY = "1,2";
				TEST_HOST = "$(BUILT_PRODUCTS_DIR)/PeakSpeak.app/$(BUNDLE_EXECUTABLE_FOLDER_PATH)/PeakSpeak";
			};
			name = Debug;
		};
		B87B80CA2C4DB3B500F494B3 /* Release */ = {
			isa = XCBuildConfiguration;
			buildSettings = {
				ALWAYS_EMBED_SWIFT_STANDARD_LIBRARIES = YES;
				BUNDLE_LOADER = "$(TEST_HOST)";
				CODE_SIGN_STYLE = Automatic;
				CURRENT_PROJECT_VERSION = 1;
				DEVELOPMENT_TEAM = XA5YLYDDJ3;
				GENERATE_INFOPLIST_FILE = YES;
				IPHONEOS_DEPLOYMENT_TARGET = 17.0;
				MACOSX_DEPLOYMENT_TARGET = 14.5;
				MARKETING_VERSION = 1.0;
				PRODUCT_BUNDLE_IDENTIFIER = tanishb.PeakSpeakTests;
				PRODUCT_NAME = "$(TARGET_NAME)";
				SDKROOT = auto;
				SUPPORTED_PLATFORMS = "iphoneos iphonesimulator macosx";
				SWIFT_EMIT_LOC_STRINGS = NO;
				SWIFT_VERSION = 5.0;
				TARGETED_DEVICE_FAMILY = "1,2";
				TEST_HOST = "$(BUILT_PRODUCTS_DIR)/PeakSpeak.app/$(BUNDLE_EXECUTABLE_FOLDER_PATH)/PeakSpeak";
			};
			name = Release;
		};
		B87B80CC2C4DB3B500F494B3 /* Debug */ = {
			isa = XCBuildConfiguration;
			buildSettings = {
				ALWAYS_EMBED_SWIFT_STANDARD_LIBRARIES = YES;
				CODE_SIGN_STYLE = Automatic;
				CURRENT_PROJECT_VERSION = 1;
				DEVELOPMENT_TEAM = XA5YLYDDJ3;
				GENERATE_INFOPLIST_FILE = YES;
				IPHONEOS_DEPLOYMENT_TARGET = 17.5;
				MACOSX_DEPLOYMENT_TARGET = 14.5;
				MARKETING_VERSION = 1.0;
				PRODUCT_BUNDLE_IDENTIFIER = tanishb.PeakSpeakUITests;
				PRODUCT_NAME = "$(TARGET_NAME)";
				SDKROOT = auto;
				SUPPORTED_PLATFORMS = "iphoneos iphonesimulator macosx";
				SWIFT_EMIT_LOC_STRINGS = NO;
				SWIFT_VERSION = 5.0;
				TARGETED_DEVICE_FAMILY = "1,2";
				TEST_TARGET_NAME = PeakSpeak;
			};
			name = Debug;
		};
		B87B80CD2C4DB3B500F494B3 /* Release */ = {
			isa = XCBuildConfiguration;
			buildSettings = {
				ALWAYS_EMBED_SWIFT_STANDARD_LIBRARIES = YES;
				CODE_SIGN_STYLE = Automatic;
				CURRENT_PROJECT_VERSION = 1;
				DEVELOPMENT_TEAM = XA5YLYDDJ3;
				GENERATE_INFOPLIST_FILE = YES;
				IPHONEOS_DEPLOYMENT_TARGET = 17.5;
				MACOSX_DEPLOYMENT_TARGET = 14.5;
				MARKETING_VERSION = 1.0;
				PRODUCT_BUNDLE_IDENTIFIER = tanishb.PeakSpeakUITests;
				PRODUCT_NAME = "$(TARGET_NAME)";
				SDKROOT = auto;
				SUPPORTED_PLATFORMS = "iphoneos iphonesimulator macosx";
				SWIFT_EMIT_LOC_STRINGS = NO;
				SWIFT_VERSION = 5.0;
				TARGETED_DEVICE_FAMILY = "1,2";
				TEST_TARGET_NAME = PeakSpeak;
			};
			name = Release;
		};
/* End XCBuildConfiguration section */

/* Begin XCConfigurationList section */
		B87B809B2C4DB3B400F494B3 /* Build configuration list for PBXProject "PeakSpeak" */ = {
			isa = XCConfigurationList;
			buildConfigurations = (
				B87B80C32C4DB3B500F494B3 /* Debug */,
				B87B80C42C4DB3B500F494B3 /* Release */,
			);
			defaultConfigurationIsVisible = 0;
			defaultConfigurationName = Release;
		};
		B87B80C52C4DB3B500F494B3 /* Build configuration list for PBXNativeTarget "PeakSpeak" */ = {
			isa = XCConfigurationList;
			buildConfigurations = (
				B87B80C62C4DB3B500F494B3 /* Debug */,
				B87B80C72C4DB3B500F494B3 /* Release */,
			);
			defaultConfigurationIsVisible = 0;
			defaultConfigurationName = Release;
		};
		B87B80C82C4DB3B500F494B3 /* Build configuration list for PBXNativeTarget "PeakSpeakTests" */ = {
			isa = XCConfigurationList;
			buildConfigurations = (
				B87B80C92C4DB3B500F494B3 /* Debug */,
				B87B80CA2C4DB3B500F494B3 /* Release */,
			);
			defaultConfigurationIsVisible = 0;
			defaultConfigurationName = Release;
		};
		B87B80CB2C4DB3B500F494B3 /* Build configuration list for PBXNativeTarget "PeakSpeakUITests" */ = {
			isa = XCConfigurationList;
			buildConfigurations = (
				B87B80CC2C4DB3B500F494B3 /* Debug */,
				B87B80CD2C4DB3B500F494B3 /* Release */,
			);
			defaultConfigurationIsVisible = 0;
			defaultConfigurationName = Release;
		};
/* End XCConfigurationList section */
	};
	rootObject = B87B80982C4DB3B400F494B3 /* Project object */;
}
